
Microsoft Visual Studio Solution File, Format Version 12.00
# Visual Studio 15
VisualStudioVersion = 15.0.26228.4
MinimumVisualStudioVersion = 10.0.40219.1
Project("{FAE04EC0-301F-11D3-BF4B-00C04F79EFBC}") = "Sorteos v2017", "Sorteos v2017\Sorteos v2017.csproj", "{ECD05A65-AA66-405A-90D4-D2084E8693ED}"
EndProject
Project("{FAE04EC0-301F-11D3-BF4B-00C04F79EFBC}") = "Models", "Modelos\Models.csproj", "{CBDD9388-8360-461F-A2CD-A85AD517ED4A}"
EndProject
Project("{FAE04EC0-301F-11D3-BF4B-00C04F79EFBC}") = "DrawsDAL", "DrawsDAL\DrawsDAL.csproj", "{1FE15D72-9E1D-4D60-BC74-F9D5E69B62B5}"
EndProject
Project("{FAE04EC0-301F-11D3-BF4B-00C04F79EFBC}") = "BusinessLayer", "BusinessLayer\BusinessLayer.csproj", "{73EC2C35-C0C1-4E9C-9E53-EE26C7173D0C}"
EndProject
Global
	GlobalSection(SolutionConfigurationPlatforms) = preSolution
		Debug|Any CPU = Debug|Any CPU
		Release|Any CPU = Release|Any CPU
	EndGlobalSection
	GlobalSection(ProjectConfigurationPlatforms) = postSolution
		{ECD05A65-AA66-405A-90D4-D2084E8693ED}.Debug|Any CPU.ActiveCfg = Debug|Any CPU
		{ECD05A65-AA66-405A-90D4-D2084E8693ED}.Debug|Any CPU.Build.0 = Debug|Any CPU
		{ECD05A65-AA66-405A-90D4-D2084E8693ED}.Release|Any CPU.ActiveCfg = Release|Any CPU
		{ECD05A65-AA66-405A-90D4-D2084E8693ED}.Release|Any CPU.Build.0 = Release|Any CPU
		{CBDD9388-8360-461F-A2CD-A85AD517ED4A}.Debug|Any CPU.ActiveCfg = Debug|Any CPU
		{CBDD9388-8360-461F-A2CD-A85AD517ED4A}.Debug|Any CPU.Build.0 = Debug|Any CPU
		{CBDD9388-8360-461F-A2CD-A85AD517ED4A}.Release|Any CPU.ActiveCfg = Release|Any CPU
		{CBDD9388-8360-461F-A2CD-A85AD517ED4A}.Release|Any CPU.Build.0 = Release|Any CPU
		{1FE15D72-9E1D-4D60-BC74-F9D5E69B62B5}.Debug|Any CPU.ActiveCfg = Debug|Any CPU
		{1FE15D72-9E1D-4D60-BC74-F9D5E69B62B5}.Debug|Any CPU.Build.0 = Debug|Any CPU
		{1FE15D72-9E1D-4D60-BC74-F9D5E69B62B5}.Release|Any CPU.ActiveCfg = Release|Any CPU
		{1FE15D72-9E1D-4D60-BC74-F9D5E69B62B5}.Release|Any CPU.Build.0 = Release|Any CPU
		{73EC2C35-C0C1-4E9C-9E53-EE26C7173D0C}.Debug|Any CPU.ActiveCfg = Debug|Any CPU
		{73EC2C35-C0C1-4E9C-9E53-EE26C7173D0C}.Debug|Any CPU.Build.0 = Debug|Any CPU
		{73EC2C35-C0C1-4E9C-9E53-EE26C7173D0C}.Debug|Any CPU.Deploy.0 = Debug|Any CPU
		{73EC2C35-C0C1-4E9C-9E53-EE26C7173D0C}.Release|Any CPU.ActiveCfg = Release|Any CPU
		{73EC2C35-C0C1-4E9C-9E53-EE26C7173D0C}.Release|Any CPU.Build.0 = Release|Any CPU
	EndGlobalSection
	GlobalSection(SolutionProperties) = preSolution
		HideSolutionNode = FALSE
	EndGlobalSection
EndGlobal
